<Solution>
  <Configurations>
    <Platform Name="Any CPU" />
    <Platform Name="x64" />
    <Platform Name="x86" />
  </Configurations>
  <Project Path="razorlight-components/razorlight-components.csproj" />
  <Project Path="razorlight-console/razorlight-console.csproj" />
  <Project Path="razorlight-func/razorlight-func.csproj" />
</Solution>
